
Microsoft Visual Studio Solution File, Format Version 12.00
# Visual Studio Version 16
VisualStudioVersion = 16.0.30711.63
MinimumVisualStudioVersion = 10.0.40219.1
Project("{FAE04EC0-301F-11D3-BF4B-00C04F79EFBC}") = "Rabc.Core.Api", "Rabc.Core.Api\Rabc.Core.Api.csproj", "{86B54C0C-F3AF-4C30-9D86-9C2E4E140AFB}"
EndProject
Project("{FAE04EC0-301F-11D3-BF4B-00C04F79EFBC}") = "Rabc.Core.Model", "Rabc.Core.Model\Rabc.Core.Model.csproj", "{A6402F8C-DF45-47C2-9FD1-D64BCF6761A5}"
EndProject
Project("{FAE04EC0-301F-11D3-BF4B-00C04F79EFBC}") = "Rabc.Core.Repository", "Rabc.Core.Repository\Rabc.Core.Repository.csproj", "{AE83A880-0D16-4BB9-9693-D8403EE94528}"
EndProject
Project("{FAE04EC0-301F-11D3-BF4B-00C04F79EFBC}") = "Rabc.Core.Services", "Rabc.Core.Services\Rabc.Core.Services.csproj", "{B6D51AF8-C213-4D12-9F5A-D1202DD4B630}"
EndProject
Project("{FAE04EC0-301F-11D3-BF4B-00C04F79EFBC}") = "Rabc.Core.IServices", "Rabc.Core.IServices\Rabc.Core.IServices.csproj", "{C5750E20-5C01-4F87-89AB-9B0F0641B0BB}"
EndProject
Project("{FAE04EC0-301F-11D3-BF4B-00C04F79EFBC}") = "Rabc.Core.Extensions", "Rabc.Core.Extensions\Rabc.Core.Extensions.csproj", "{76282842-D19F-45A8-BB29-129342CADB8F}"
EndProject
Project("{FAE04EC0-301F-11D3-BF4B-00C04F79EFBC}") = "Rabc.Core.Common", "Rabc.Core.Common\Rabc.Core.Common.csproj", "{B855370F-E55A-4FA4-951F-9D5238EF6403}"
EndProject
Global
	GlobalSection(SolutionConfigurationPlatforms) = preSolution
		Debug|Any CPU = Debug|Any CPU
		Release|Any CPU = Release|Any CPU
	EndGlobalSection
	GlobalSection(ProjectConfigurationPlatforms) = postSolution
		{86B54C0C-F3AF-4C30-9D86-9C2E4E140AFB}.Debug|Any CPU.ActiveCfg = Debug|Any CPU
		{86B54C0C-F3AF-4C30-9D86-9C2E4E140AFB}.Debug|Any CPU.Build.0 = Debug|Any CPU
		{86B54C0C-F3AF-4C30-9D86-9C2E4E140AFB}.Release|Any CPU.ActiveCfg = Release|Any CPU
		{86B54C0C-F3AF-4C30-9D86-9C2E4E140AFB}.Release|Any CPU.Build.0 = Release|Any CPU
		{A6402F8C-DF45-47C2-9FD1-D64BCF6761A5}.Debug|Any CPU.ActiveCfg = Debug|Any CPU
		{A6402F8C-DF45-47C2-9FD1-D64BCF6761A5}.Debug|Any CPU.Build.0 = Debug|Any CPU
		{A6402F8C-DF45-47C2-9FD1-D64BCF6761A5}.Release|Any CPU.ActiveCfg = Release|Any CPU
		{A6402F8C-DF45-47C2-9FD1-D64BCF6761A5}.Release|Any CPU.Build.0 = Release|Any CPU
		{AE83A880-0D16-4BB9-9693-D8403EE94528}.Debug|Any CPU.ActiveCfg = Debug|Any CPU
		{AE83A880-0D16-4BB9-9693-D8403EE94528}.Debug|Any CPU.Build.0 = Debug|Any CPU
		{AE83A880-0D16-4BB9-9693-D8403EE94528}.Release|Any CPU.ActiveCfg = Release|Any CPU
		{AE83A880-0D16-4BB9-9693-D8403EE94528}.Release|Any CPU.Build.0 = Release|Any CPU
		{B6D51AF8-C213-4D12-9F5A-D1202DD4B630}.Debug|Any CPU.ActiveCfg = Debug|Any CPU
		{B6D51AF8-C213-4D12-9F5A-D1202DD4B630}.Debug|Any CPU.Build.0 = Debug|Any CPU
		{B6D51AF8-C213-4D12-9F5A-D1202DD4B630}.Release|Any CPU.ActiveCfg = Release|Any CPU
		{B6D51AF8-C213-4D12-9F5A-D1202DD4B630}.Release|Any CPU.Build.0 = Release|Any CPU
		{C5750E20-5C01-4F87-89AB-9B0F0641B0BB}.Debug|Any CPU.ActiveCfg = Debug|Any CPU
		{C5750E20-5C01-4F87-89AB-9B0F0641B0BB}.Debug|Any CPU.Build.0 = Debug|Any CPU
		{C5750E20-5C01-4F87-89AB-9B0F0641B0BB}.Release|Any CPU.ActiveCfg = Release|Any CPU
		{C5750E20-5C01-4F87-89AB-9B0F0641B0BB}.Release|Any CPU.Build.0 = Release|Any CPU
		{76282842-D19F-45A8-BB29-129342CADB8F}.Debug|Any CPU.ActiveCfg = Debug|Any CPU
		{76282842-D19F-45A8-BB29-129342CADB8F}.Debug|Any CPU.Build.0 = Debug|Any CPU
		{76282842-D19F-45A8-BB29-129342CADB8F}.Release|Any CPU.ActiveCfg = Release|Any CPU
		{76282842-D19F-45A8-BB29-129342CADB8F}.Release|Any CPU.Build.0 = Release|Any CPU
		{B855370F-E55A-4FA4-951F-9D5238EF6403}.Debug|Any CPU.ActiveCfg = Debug|Any CPU
		{B855370F-E55A-4FA4-951F-9D5238EF6403}.Debug|Any CPU.Build.0 = Debug|Any CPU
		{B855370F-E55A-4FA4-951F-9D5238EF6403}.Release|Any CPU.ActiveCfg = Release|Any CPU
		{B855370F-E55A-4FA4-951F-9D5238EF6403}.Release|Any CPU.Build.0 = Release|Any CPU
	EndGlobalSection
	GlobalSection(SolutionProperties) = preSolution
		HideSolutionNode = FALSE
	EndGlobalSection
	GlobalSection(ExtensibilityGlobals) = postSolution
		SolutionGuid = {503E92BD-5B8E-4602-A113-372451F910EA}
	EndGlobalSection
EndGlobal
